
Microsoft Visual Studio Solution File, Format Version 12.00
# Visual Studio 15
VisualStudioVersion = 15.0.28307.136
MinimumVisualStudioVersion = 10.0.40219.1
Project("{8BC9CEB8-8B4A-11D0-8D11-00A0C91BC942}") = "array_list", "array_list\array_list.vcxproj", "{802BF1D4-51B2-4EB3-A89B-ADAB5A8BDEDB}"
EndProject
Global
	GlobalSection(SolutionConfigurationPlatforms) = preSolution
		Debug|x64 = Debug|x64
		Debug|x86 = Debug|x86
		Release|x64 = Release|x64
		Release|x86 = Release|x86
	EndGlobalSection
	GlobalSection(ProjectConfigurationPlatforms) = postSolution
		{802BF1D4-51B2-4EB3-A89B-ADAB5A8BDEDB}.Debug|x64.ActiveCfg = Debug|x64
		{802BF1D4-51B2-4EB3-A89B-ADAB5A8BDEDB}.Debug|x64.Build.0 = Debug|x64
		{802BF1D4-51B2-4EB3-A89B-ADAB5A8BDEDB}.Debug|x86.ActiveCfg = Debug|Win32
		{802BF1D4-51B2-4EB3-A89B-ADAB5A8BDEDB}.Debug|x86.Build.0 = Debug|Win32
		{802BF1D4-51B2-4EB3-A89B-ADAB5A8BDEDB}.Release|x64.ActiveCfg = Release|x64
		{802BF1D4-51B2-4EB3-A89B-ADAB5A8BDEDB}.Release|x64.Build.0 = Release|x64
		{802BF1D4-51B2-4EB3-A89B-ADAB5A8BDEDB}.Release|x86.ActiveCfg = Release|Win32
		{802BF1D4-51B2-4EB3-A89B-ADAB5A8BDEDB}.Release|x86.Build.0 = Release|Win32
	EndGlobalSection
	GlobalSection(SolutionProperties) = preSolution
		HideSolutionNode = FALSE
	EndGlobalSection
	GlobalSection(ExtensibilityGlobals) = postSolution
		SolutionGuid = {7651C3ED-C7B6-492B-9242-7524BB3462D7}
	EndGlobalSection
EndGlobal
